// !$*UTF8*$!
{
	archiveVersion = 1;
	classes = {
	};
	objectVersion = 46;
	objects = {

/* Begin PBXBuildFile section */
		1B3E39041E950921008DA5D1 /* DrawShape.swift in Sources */ = {isa = PBXBuildFile; fileRef = 1B3E39031E950921008DA5D1 /* DrawShape.swift */; };
		1BF25CB71E9797FB00C1D576 /* LabelGraphView.swift in Sources */ = {isa = PBXBuildFile; fileRef = 1BF25CB61E9797FB00C1D576 /* LabelGraphView.swift */; };
		6ADCBB8F73F10784C8C69865 /* Pods_Orphe_Hub_Swift.framework in Frameworks */ = {isa = PBXBuildFile; fileRef = 59FAF910D4516659E01E5E99 /* Pods_Orphe_Hub_Swift.framework */; };
		970CE3B296A0649233F785DF /* Pods_Orphe_Hub_SwiftUITests.framework in Frameworks */ = {isa = PBXBuildFile; fileRef = BA01EC53DA1308C04022ABE5 /* Pods_Orphe_Hub_SwiftUITests.framework */; };
		C678207C50C1356C48F18B88 /* Pods_Orphe_Hub_SwiftTests.framework in Frameworks */ = {isa = PBXBuildFile; fileRef = 508B9A273B967592056C8820 /* Pods_Orphe_Hub_SwiftTests.framework */; };
		E613930A1E8E6A31002DD502 /* AppDelegate.swift in Sources */ = {isa = PBXBuildFile; fileRef = E61393051E8E6A31002DD502 /* AppDelegate.swift */; };
		E613930B1E8E6A31002DD502 /* Assets.xcassets in Resources */ = {isa = PBXBuildFile; fileRef = E61393061E8E6A31002DD502 /* Assets.xcassets */; };
		E613930D1E8E6A31002DD502 /* Info.plist in Resources */ = {isa = PBXBuildFile; fileRef = E61393081E8E6A31002DD502 /* Info.plist */; };
		E613930E1E8E6A31002DD502 /* ViewController.swift in Sources */ = {isa = PBXBuildFile; fileRef = E61393091E8E6A31002DD502 /* ViewController.swift */; };
		E61393121E8E6A6D002DD502 /* Main.storyboard in Resources */ = {isa = PBXBuildFile; fileRef = E61393111E8E6A6D002DD502 /* Main.storyboard */; };
		E61393721E926EF9002DD502 /* CoreMIDI.framework in Frameworks */ = {isa = PBXBuildFile; fileRef = E61393711E926EF9002DD502 /* CoreMIDI.framework */; };
		E6401E871EA6317300DEBC32 /* OSCManager.swift in Sources */ = {isa = PBXBuildFile; fileRef = E6401E841EA6317300DEBC32 /* OSCManager.swift */; };
		E6401E881EA6317300DEBC32 /* ObjC_Exception.m in Sources */ = {isa = PBXBuildFile; fileRef = E6401E861EA6317300DEBC32 /* ObjC_Exception.m */; };
		E64E85A11EFAA95E00C9AD04 /* SensorValueCSVPlayer.swift in Sources */ = {isa = PBXBuildFile; fileRef = E64E85A01EFAA95E00C9AD04 /* SensorValueCSVPlayer.swift */; };
		E64E85C01F02185300C9AD04 /* OSCSettingViewController.storyboard in Resources */ = {isa = PBXBuildFile; fileRef = E64E85BF1F02185300C9AD04 /* OSCSettingViewController.storyboard */; };
		E64E85C31F021DB800C9AD04 /* OSCSettingViewController.swift in Sources */ = {isa = PBXBuildFile; fileRef = E64E85C21F021DB800C9AD04 /* OSCSettingViewController.swift */; };
		E64E85C51F02305700C9AD04 /* SensorSettingViewController.storyboard in Resources */ = {isa = PBXBuildFile; fileRef = E64E85C41F02305700C9AD04 /* SensorSettingViewController.storyboard */; };
		E64E85C71F0230E000C9AD04 /* SensorSettingViewController.swift in Sources */ = {isa = PBXBuildFile; fileRef = E64E85C61F0230E000C9AD04 /* SensorSettingViewController.swift */; };
		E64E85D21F02567400C9AD04 /* RecordPlaybackViewController.storyboard in Resources */ = {isa = PBXBuildFile; fileRef = E64E85D11F02567400C9AD04 /* RecordPlaybackViewController.storyboard */; };
		E64E85D51F02579D00C9AD04 /* RecordPlaybackViewController.swift in Sources */ = {isa = PBXBuildFile; fileRef = E64E85D41F02579D00C9AD04 /* RecordPlaybackViewController.swift */; };
		E64E85D81F02731F00C9AD04 /* WindowController.swift in Sources */ = {isa = PBXBuildFile; fileRef = E64E85D71F02731F00C9AD04 /* WindowController.swift */; };
		E64E85DB1F02BFDB00C9AD04 /* MapValueSettingView.xib in Resources */ = {isa = PBXBuildFile; fileRef = E64E85DA1F02BFDB00C9AD04 /* MapValueSettingView.xib */; };
		E64E85DD1F02C02000C9AD04 /* MapValueSettingView.swift in Sources */ = {isa = PBXBuildFile; fileRef = E64E85DC1F02C02000C9AD04 /* MapValueSettingView.swift */; };
		E66053C41EDD737B00EC8678 /* RecordSensorValuesCSV.swift in Sources */ = {isa = PBXBuildFile; fileRef = E66053C31EDD737B00EC8678 /* RecordSensorValuesCSV.swift */; };
		E66053C61EDDCA1000EC8678 /* SensorFreqencyCalculator.swift in Sources */ = {isa = PBXBuildFile; fileRef = E66053C51EDDCA1000EC8678 /* SensorFreqencyCalculator.swift */; };
		E66053CC1EDF09A400EC8678 /* MultiLineGraphView.swift in Sources */ = {isa = PBXBuildFile; fileRef = E66053CB1EDF09A400EC8678 /* MultiLineGraphView.swift */; };
		E66053D11EDFCFCC00EC8678 /* SensorVisualizerView.swift in Sources */ = {isa = PBXBuildFile; fileRef = E66053D01EDFCFCC00EC8678 /* SensorVisualizerView.swift */; };
		E66053D31EDFCFDB00EC8678 /* SensorVisualizerView.xib in Resources */ = {isa = PBXBuildFile; fileRef = E66053D21EDFCFDB00EC8678 /* SensorVisualizerView.xib */; };
		E666C40A1EC33750005DFF17 /* Orphe.framework in Frameworks */ = {isa = PBXBuildFile; fileRef = E666C4071EC33748005DFF17 /* Orphe.framework */; };
		E666C40B1EC33750005DFF17 /* Orphe.framework in Embed Frameworks */ = {isa = PBXBuildFile; fileRef = E666C4071EC33748005DFF17 /* Orphe.framework */; settings = {ATTRIBUTES = (CodeSignOnCopy, RemoveHeadersOnCopy, ); }; };
		E666C4151EC5EFA3005DFF17 /* LineGraphView.swift in Sources */ = {isa = PBXBuildFile; fileRef = E666C4141EC5EFA3005DFF17 /* LineGraphView.swift */; };
/* End PBXBuildFile section */

/* Begin PBXContainerItemProxy section */
		E6117D121E0A5A8200A2C89F /* PBXContainerItemProxy */ = {
			isa = PBXContainerItemProxy;
			containerPortal = E6117CF81E0A5A8200A2C89F /* Project object */;
			proxyType = 1;
			remoteGlobalIDString = E6117CFF1E0A5A8200A2C89F;
			remoteInfo = OrpheExample_macOS;
		};
		E6117D1D1E0A5A8200A2C89F /* PBXContainerItemProxy */ = {
			isa = PBXContainerItemProxy;
			containerPortal = E6117CF81E0A5A8200A2C89F /* Project object */;
			proxyType = 1;
			remoteGlobalIDString = E6117CFF1E0A5A8200A2C89F;
			remoteInfo = OrpheExample_macOS;
		};
		E666C4061EC33748005DFF17 /* PBXContainerItemProxy */ = {
			isa = PBXContainerItemProxy;
			containerPortal = E666C4011EC33748005DFF17 /* Orphe.xcodeproj */;
			proxyType = 2;
			remoteGlobalIDString = E6117AE51E0A4AA300A2C89F;
			remoteInfo = Orphe;
		};
		E666C4081EC33748005DFF17 /* PBXContainerItemProxy */ = {
			isa = PBXContainerItemProxy;
			containerPortal = E666C4011EC33748005DFF17 /* Orphe.xcodeproj */;
			proxyType = 2;
			remoteGlobalIDString = E6117AEE1E0A4AA300A2C89F;
			remoteInfo = OrpheTests;
		};
		E666C40C1EC33750005DFF17 /* PBXContainerItemProxy */ = {
			isa = PBXContainerItemProxy;
			containerPortal = E666C4011EC33748005DFF17 /* Orphe.xcodeproj */;
			proxyType = 1;
			remoteGlobalIDString = E6117AE41E0A4AA300A2C89F;
			remoteInfo = Orphe;
		};
/* End PBXContainerItemProxy section */

/* Begin PBXCopyFilesBuildPhase section */
		E61393001E8E521F002DD502 /* Embed Frameworks */ = {
			isa = PBXCopyFilesBuildPhase;
			buildActionMask = 2147483647;
			dstPath = "";
			dstSubfolderSpec = 10;
			files = (
				E666C40B1EC33750005DFF17 /* Orphe.framework in Embed Frameworks */,
			);
			name = "Embed Frameworks";
			runOnlyForDeploymentPostprocessing = 0;
		};
/* End PBXCopyFilesBuildPhase section */

/* Begin PBXFileReference section */
		101FC98D10FB2EBC7A8AD8BA /* Pods-Orphe-Hub-SwiftUITests.release.xcconfig */ = {isa = PBXFileReference; includeInIndex = 1; lastKnownFileType = text.xcconfig; name = "Pods-Orphe-Hub-SwiftUITests.release.xcconfig"; path = "Pods/Target Support Files/Pods-Orphe-Hub-SwiftUITests/Pods-Orphe-Hub-SwiftUITests.release.xcconfig"; sourceTree = "<group>"; };
		1B3E39031E950921008DA5D1 /* DrawShape.swift */ = {isa = PBXFileReference; fileEncoding = 4; lastKnownFileType = sourcecode.swift; name = DrawShape.swift; path = "Orphe-Hub-Swift/DrawShape.swift"; sourceTree = SOURCE_ROOT; };
		1BF25CB61E9797FB00C1D576 /* LabelGraphView.swift */ = {isa = PBXFileReference; fileEncoding = 4; lastKnownFileType = sourcecode.swift; name = LabelGraphView.swift; path = "Orphe-Hub-Swift/LabelGraphView.swift"; sourceTree = SOURCE_ROOT; };
		508B9A273B967592056C8820 /* Pods_Orphe_Hub_SwiftTests.framework */ = {isa = PBXFileReference; explicitFileType = wrapper.framework; includeInIndex = 0; path = Pods_Orphe_Hub_SwiftTests.framework; sourceTree = BUILT_PRODUCTS_DIR; };
		55734E61B5F03A1141ECE3ED /* Pods-Orphe-Hub-SwiftTests.release.xcconfig */ = {isa = PBXFileReference; includeInIndex = 1; lastKnownFileType = text.xcconfig; name = "Pods-Orphe-Hub-SwiftTests.release.xcconfig"; path = "Pods/Target Support Files/Pods-Orphe-Hub-SwiftTests/Pods-Orphe-Hub-SwiftTests.release.xcconfig"; sourceTree = "<group>"; };
		59FAF910D4516659E01E5E99 /* Pods_Orphe_Hub_Swift.framework */ = {isa = PBXFileReference; explicitFileType = wrapper.framework; includeInIndex = 0; path = Pods_Orphe_Hub_Swift.framework; sourceTree = BUILT_PRODUCTS_DIR; };
		86A16C2C08FFA8C1762DC546 /* Pods-Orphe-Hub-SwiftTests.debug.xcconfig */ = {isa = PBXFileReference; includeInIndex = 1; lastKnownFileType = text.xcconfig; name = "Pods-Orphe-Hub-SwiftTests.debug.xcconfig"; path = "Pods/Target Support Files/Pods-Orphe-Hub-SwiftTests/Pods-Orphe-Hub-SwiftTests.debug.xcconfig"; sourceTree = "<group>"; };
		98E9168548B33620B4C286EC /* Pods-Orphe-Hub-SwiftUITests.debug.xcconfig */ = {isa = PBXFileReference; includeInIndex = 1; lastKnownFileType = text.xcconfig; name = "Pods-Orphe-Hub-SwiftUITests.debug.xcconfig"; path = "Pods/Target Support Files/Pods-Orphe-Hub-SwiftUITests/Pods-Orphe-Hub-SwiftUITests.debug.xcconfig"; sourceTree = "<group>"; };
		BA01EC53DA1308C04022ABE5 /* Pods_Orphe_Hub_SwiftUITests.framework */ = {isa = PBXFileReference; explicitFileType = wrapper.framework; includeInIndex = 0; path = Pods_Orphe_Hub_SwiftUITests.framework; sourceTree = BUILT_PRODUCTS_DIR; };
		E6117D001E0A5A8200A2C89F /* Orphe-Hub-Swift.app */ = {isa = PBXFileReference; explicitFileType = wrapper.application; includeInIndex = 0; path = "Orphe-Hub-Swift.app"; sourceTree = BUILT_PRODUCTS_DIR; };
		E6117D111E0A5A8200A2C89F /* Orphe-Hub-SwiftTests.xctest */ = {isa = PBXFileReference; explicitFileType = wrapper.cfbundle; includeInIndex = 0; path = "Orphe-Hub-SwiftTests.xctest"; sourceTree = BUILT_PRODUCTS_DIR; };
		E6117D1C1E0A5A8200A2C89F /* Orphe-Hub-SwiftUITests.xctest */ = {isa = PBXFileReference; explicitFileType = wrapper.cfbundle; includeInIndex = 0; path = "Orphe-Hub-SwiftUITests.xctest"; sourceTree = BUILT_PRODUCTS_DIR; };
		E61393051E8E6A31002DD502 /* AppDelegate.swift */ = {isa = PBXFileReference; fileEncoding = 4; lastKnownFileType = sourcecode.swift; name = AppDelegate.swift; path = "Orphe-Hub-Swift/AppDelegate.swift"; sourceTree = SOURCE_ROOT; };
		E61393061E8E6A31002DD502 /* Assets.xcassets */ = {isa = PBXFileReference; lastKnownFileType = folder.assetcatalog; name = Assets.xcassets; path = "Orphe-Hub-Swift/Assets.xcassets"; sourceTree = SOURCE_ROOT; };
		E61393081E8E6A31002DD502 /* Info.plist */ = {isa = PBXFileReference; fileEncoding = 4; lastKnownFileType = text.plist.xml; name = Info.plist; path = "Orphe-Hub-Swift/Info.plist"; sourceTree = SOURCE_ROOT; };
		E61393091E8E6A31002DD502 /* ViewController.swift */ = {isa = PBXFileReference; fileEncoding = 4; lastKnownFileType = sourcecode.swift; name = ViewController.swift; path = "Orphe-Hub-Swift/ViewController.swift"; sourceTree = SOURCE_ROOT; };
		E61393111E8E6A6D002DD502 /* Main.storyboard */ = {isa = PBXFileReference; fileEncoding = 4; lastKnownFileType = file.storyboard; name = Main.storyboard; path = "Orphe-Hub-Swift/Main.storyboard"; sourceTree = SOURCE_ROOT; };
		E61393711E926EF9002DD502 /* CoreMIDI.framework */ = {isa = PBXFileReference; lastKnownFileType = wrapper.framework; name = CoreMIDI.framework; path = System/Library/Frameworks/CoreMIDI.framework; sourceTree = SDKROOT; };
		E6401E841EA6317300DEBC32 /* OSCManager.swift */ = {isa = PBXFileReference; fileEncoding = 4; lastKnownFileType = sourcecode.swift; path = OSCManager.swift; sourceTree = "<group>"; };
		E6401E851EA6317300DEBC32 /* ObjC_Exception.h */ = {isa = PBXFileReference; fileEncoding = 4; lastKnownFileType = sourcecode.c.h; path = ObjC_Exception.h; sourceTree = "<group>"; };
		E6401E861EA6317300DEBC32 /* ObjC_Exception.m */ = {isa = PBXFileReference; fileEncoding = 4; lastKnownFileType = sourcecode.c.objc; path = ObjC_Exception.m; sourceTree = "<group>"; };
		E6401E8B1EA6381200DEBC32 /* Orphe-Hub-Swift-Bridging-Header.h */ = {isa = PBXFileReference; lastKnownFileType = sourcecode.c.h; name = "Orphe-Hub-Swift-Bridging-Header.h"; path = "Orphe-Hub-Swift/Orphe-Hub-Swift-Bridging-Header.h"; sourceTree = SOURCE_ROOT; };
		E64E85A01EFAA95E00C9AD04 /* SensorValueCSVPlayer.swift */ = {isa = PBXFileReference; fileEncoding = 4; lastKnownFileType = sourcecode.swift; name = SensorValueCSVPlayer.swift; path = "Orphe-Hub-Swift/SensorValueCSVPlayer.swift"; sourceTree = SOURCE_ROOT; };
		E64E85BF1F02185300C9AD04 /* OSCSettingViewController.storyboard */ = {isa = PBXFileReference; fileEncoding = 4; lastKnownFileType = file.storyboard; name = OSCSettingViewController.storyboard; path = "Orphe-Hub-Swift/OSCSettingViewController.storyboard"; sourceTree = SOURCE_ROOT; };
		E64E85C21F021DB800C9AD04 /* OSCSettingViewController.swift */ = {isa = PBXFileReference; fileEncoding = 4; lastKnownFileType = sourcecode.swift; name = OSCSettingViewController.swift; path = "Orphe-Hub-Swift/OSCSettingViewController.swift"; sourceTree = SOURCE_ROOT; };
		E64E85C41F02305700C9AD04 /* SensorSettingViewController.storyboard */ = {isa = PBXFileReference; fileEncoding = 4; lastKnownFileType = file.storyboard; name = SensorSettingViewController.storyboard; path = "Orphe-Hub-Swift/SensorSettingViewController.storyboard"; sourceTree = SOURCE_ROOT; };
		E64E85C61F0230E000C9AD04 /* SensorSettingViewController.swift */ = {isa = PBXFileReference; fileEncoding = 4; lastKnownFileType = sourcecode.swift; name = SensorSettingViewController.swift; path = "Orphe-Hub-Swift/SensorSettingViewController.swift"; sourceTree = SOURCE_ROOT; };
		E64E85D11F02567400C9AD04 /* RecordPlaybackViewController.storyboard */ = {isa = PBXFileReference; fileEncoding = 4; lastKnownFileType = file.storyboard; name = RecordPlaybackViewController.storyboard; path = "Orphe-Hub-Swift/RecordPlaybackViewController.storyboard"; sourceTree = SOURCE_ROOT; };
		E64E85D41F02579D00C9AD04 /* RecordPlaybackViewController.swift */ = {isa = PBXFileReference; fileEncoding = 4; lastKnownFileType = sourcecode.swift; name = RecordPlaybackViewController.swift; path = "Orphe-Hub-Swift/RecordPlaybackViewController.swift"; sourceTree = SOURCE_ROOT; };
		E64E85D71F02731F00C9AD04 /* WindowController.swift */ = {isa = PBXFileReference; fileEncoding = 4; lastKnownFileType = sourcecode.swift; name = WindowController.swift; path = "Orphe-Hub-Swift/WindowController.swift"; sourceTree = SOURCE_ROOT; };
		E64E85DA1F02BFDB00C9AD04 /* MapValueSettingView.xib */ = {isa = PBXFileReference; fileEncoding = 4; lastKnownFileType = file.xib; name = MapValueSettingView.xib; path = "Orphe-Hub-Swift/MapValueSettingView.xib"; sourceTree = SOURCE_ROOT; };
		E64E85DC1F02C02000C9AD04 /* MapValueSettingView.swift */ = {isa = PBXFileReference; fileEncoding = 4; lastKnownFileType = sourcecode.swift; name = MapValueSettingView.swift; path = "Orphe-Hub-Swift/MapValueSettingView.swift"; sourceTree = SOURCE_ROOT; };
		E66053C31EDD737B00EC8678 /* RecordSensorValuesCSV.swift */ = {isa = PBXFileReference; fileEncoding = 4; lastKnownFileType = sourcecode.swift; name = RecordSensorValuesCSV.swift; path = "Orphe-Hub-Swift/RecordSensorValuesCSV.swift"; sourceTree = SOURCE_ROOT; };
		E66053C51EDDCA1000EC8678 /* SensorFreqencyCalculator.swift */ = {isa = PBXFileReference; fileEncoding = 4; lastKnownFileType = sourcecode.swift; name = SensorFreqencyCalculator.swift; path = "Orphe-Hub-Swift/SensorFreqencyCalculator.swift"; sourceTree = SOURCE_ROOT; };
		E66053CB1EDF09A400EC8678 /* MultiLineGraphView.swift */ = {isa = PBXFileReference; fileEncoding = 4; lastKnownFileType = sourcecode.swift; name = MultiLineGraphView.swift; path = "Orphe-Hub-Swift/MultiLineGraphView.swift"; sourceTree = SOURCE_ROOT; };
		E66053D01EDFCFCC00EC8678 /* SensorVisualizerView.swift */ = {isa = PBXFileReference; fileEncoding = 4; lastKnownFileType = sourcecode.swift; name = SensorVisualizerView.swift; path = "Orphe-Hub-Swift/SensorVisualizerView.swift"; sourceTree = SOURCE_ROOT; };
		E66053D21EDFCFDB00EC8678 /* SensorVisualizerView.xib */ = {isa = PBXFileReference; fileEncoding = 4; lastKnownFileType = file.xib; name = SensorVisualizerView.xib; path = "Orphe-Hub-Swift/SensorVisualizerView.xib"; sourceTree = SOURCE_ROOT; };
		E666C4011EC33748005DFF17 /* Orphe.xcodeproj */ = {isa = PBXFileReference; lastKnownFileType = "wrapper.pb-project"; name = Orphe.xcodeproj; path = OrpheSDK_Swift/OrpheSDK_macOS/Orphe.xcodeproj; sourceTree = "<group>"; };
		E666C4141EC5EFA3005DFF17 /* LineGraphView.swift */ = {isa = PBXFileReference; fileEncoding = 4; lastKnownFileType = sourcecode.swift; name = LineGraphView.swift; path = "Orphe-Hub-Swift/LineGraphView.swift"; sourceTree = SOURCE_ROOT; };
		F20B72AB02DB0372E61B20AA /* Pods-Orphe-Hub-Swift.debug.xcconfig */ = {isa = PBXFileReference; includeInIndex = 1; lastKnownFileType = text.xcconfig; name = "Pods-Orphe-Hub-Swift.debug.xcconfig"; path = "Pods/Target Support Files/Pods-Orphe-Hub-Swift/Pods-Orphe-Hub-Swift.debug.xcconfig"; sourceTree = "<group>"; };
		F96CE5BD2DD3FB50B8CDD740 /* Pods-Orphe-Hub-Swift.release.xcconfig */ = {isa = PBXFileReference; includeInIndex = 1; lastKnownFileType = text.xcconfig; name = "Pods-Orphe-Hub-Swift.release.xcconfig"; path = "Pods/Target Support Files/Pods-Orphe-Hub-Swift/Pods-Orphe-Hub-Swift.release.xcconfig"; sourceTree = "<group>"; };
/* End PBXFileReference section */

/* Begin PBXFrameworksBuildPhase section */
		E6117CFD1E0A5A8200A2C89F /* Frameworks */ = {
			isa = PBXFrameworksBuildPhase;
			buildActionMask = 2147483647;
			files = (
				E61393721E926EF9002DD502 /* CoreMIDI.framework in Frameworks */,
				E666C40A1EC33750005DFF17 /* Orphe.framework in Frameworks */,
				6ADCBB8F73F10784C8C69865 /* Pods_Orphe_Hub_Swift.framework in Frameworks */,
			);
			runOnlyForDeploymentPostprocessing = 0;
		};
		E6117D0E1E0A5A8200A2C89F /* Frameworks */ = {
			isa = PBXFrameworksBuildPhase;
			buildActionMask = 2147483647;
			files = (
				C678207C50C1356C48F18B88 /* Pods_Orphe_Hub_SwiftTests.framework in Frameworks */,
			);
			runOnlyForDeploymentPostprocessing = 0;
		};
		E6117D191E0A5A8200A2C89F /* Frameworks */ = {
			isa = PBXFrameworksBuildPhase;
			buildActionMask = 2147483647;
			files = (
				970CE3B296A0649233F785DF /* Pods_Orphe_Hub_SwiftUITests.framework in Frameworks */,
			);
			runOnlyForDeploymentPostprocessing = 0;
		};
/* End PBXFrameworksBuildPhase section */

/* Begin PBXGroup section */
		678ED551E6ED62A347ACDAD8 /* Frameworks */ = {
			isa = PBXGroup;
			children = (
				E61393711E926EF9002DD502 /* CoreMIDI.framework */,
				59FAF910D4516659E01E5E99 /* Pods_Orphe_Hub_Swift.framework */,
				508B9A273B967592056C8820 /* Pods_Orphe_Hub_SwiftTests.framework */,
				BA01EC53DA1308C04022ABE5 /* Pods_Orphe_Hub_SwiftUITests.framework */,
			);
			name = Frameworks;
			sourceTree = "<group>";
		};
		E6117CF71E0A5A8200A2C89F = {
			isa = PBXGroup;
			children = (
				E666C4011EC33748005DFF17 /* Orphe.xcodeproj */,
				E6117D021E0A5A8200A2C89F /* Orphe-Hub-Swift */,
				E6117D011E0A5A8200A2C89F /* Products */,
				F8CE49B909FF879396EA5470 /* Pods */,
				678ED551E6ED62A347ACDAD8 /* Frameworks */,
			);
			sourceTree = "<group>";
		};
		E6117D011E0A5A8200A2C89F /* Products */ = {
			isa = PBXGroup;
			children = (
				E6117D001E0A5A8200A2C89F /* Orphe-Hub-Swift.app */,
				E6117D111E0A5A8200A2C89F /* Orphe-Hub-SwiftTests.xctest */,
				E6117D1C1E0A5A8200A2C89F /* Orphe-Hub-SwiftUITests.xctest */,
			);
			name = Products;
			sourceTree = "<group>";
		};
		E6117D021E0A5A8200A2C89F /* Orphe-Hub-Swift */ = {
			isa = PBXGroup;
			children = (
				E61393051E8E6A31002DD502 /* AppDelegate.swift */,
				E61393111E8E6A6D002DD502 /* Main.storyboard */,
				E61393091E8E6A31002DD502 /* ViewController.swift */,
				E64E85D71F02731F00C9AD04 /* WindowController.swift */,
				E66053CD1EDFCF1900EC8678 /* GraphUI */,
				E64E85D91F02BE8100C9AD04 /* OSCSettingVC */,
				E6D62D591F037EEC00E71294 /* SensorSettingVC */,
				E6D62D571F037EDC00E71294 /* RecordPlaybackVC */,
				E6401E8B1EA6381200DEBC32 /* Orphe-Hub-Swift-Bridging-Header.h */,
				E66053C51EDDCA1000EC8678 /* SensorFreqencyCalculator.swift */,
				E67488131E992A8D00DA7D9C /* CommonUI */,
				E6401E831EA6317300DEBC32 /* OSCManager */,
				E61393061E8E6A31002DD502 /* Assets.xcassets */,
				E61393081E8E6A31002DD502 /* Info.plist */,
			);
			name = "Orphe-Hub-Swift";
			path = OrpheExample_macOS;
			sourceTree = "<group>";
		};
		E6401E831EA6317300DEBC32 /* OSCManager */ = {
			isa = PBXGroup;
			children = (
				E6401E841EA6317300DEBC32 /* OSCManager.swift */,
				E6401E851EA6317300DEBC32 /* ObjC_Exception.h */,
				E6401E861EA6317300DEBC32 /* ObjC_Exception.m */,
			);
			name = OSCManager;
			path = "Orphe-Hub-Swift/OSCManager";
			sourceTree = SOURCE_ROOT;
		};
		E64E85D91F02BE8100C9AD04 /* OSCSettingVC */ = {
			isa = PBXGroup;
			children = (
				E64E85BF1F02185300C9AD04 /* OSCSettingViewController.storyboard */,
				E64E85C21F021DB800C9AD04 /* OSCSettingViewController.swift */,
				E64E85DA1F02BFDB00C9AD04 /* MapValueSettingView.xib */,
				E64E85DC1F02C02000C9AD04 /* MapValueSettingView.swift */,
			);
			name = OSCSettingVC;
			sourceTree = "<group>";
		};
		E66053CD1EDFCF1900EC8678 /* GraphUI */ = {
			isa = PBXGroup;
			children = (
				E666C4141EC5EFA3005DFF17 /* LineGraphView.swift */,
				E66053CB1EDF09A400EC8678 /* MultiLineGraphView.swift */,
				E66053D21EDFCFDB00EC8678 /* SensorVisualizerView.xib */,
				E66053D01EDFCFCC00EC8678 /* SensorVisualizerView.swift */,
			);
			name = GraphUI;
			sourceTree = "<group>";
		};
		E666C4021EC33748005DFF17 /* Products */ = {
			isa = PBXGroup;
			children = (
				E666C4071EC33748005DFF17 /* Orphe.framework */,
				E666C4091EC33748005DFF17 /* OrpheTests.xctest */,
			);
			name = Products;
			sourceTree = "<group>";
		};
		E67488131E992A8D00DA7D9C /* CommonUI */ = {
			isa = PBXGroup;
			children = (
				1B3E39031E950921008DA5D1 /* DrawShape.swift */,
				1BF25CB61E9797FB00C1D576 /* LabelGraphView.swift */,
			);
			name = CommonUI;
			sourceTree = "<group>";
		};
		E6D62D571F037EDC00E71294 /* RecordPlaybackVC */ = {
			isa = PBXGroup;
			children = (
				E64E85D11F02567400C9AD04 /* RecordPlaybackViewController.storyboard */,
				E64E85D41F02579D00C9AD04 /* RecordPlaybackViewController.swift */,
				E66053C31EDD737B00EC8678 /* RecordSensorValuesCSV.swift */,
				E64E85A01EFAA95E00C9AD04 /* SensorValueCSVPlayer.swift */,
			);
			name = RecordPlaybackVC;
			sourceTree = "<group>";
		};
		E6D62D591F037EEC00E71294 /* SensorSettingVC */ = {
			isa = PBXGroup;
			children = (
				E64E85C41F02305700C9AD04 /* SensorSettingViewController.storyboard */,
				E64E85C61F0230E000C9AD04 /* SensorSettingViewController.swift */,
			);
			name = SensorSettingVC;
			sourceTree = "<group>";
		};
		F8CE49B909FF879396EA5470 /* Pods */ = {
			isa = PBXGroup;
			children = (
				F20B72AB02DB0372E61B20AA /* Pods-Orphe-Hub-Swift.debug.xcconfig */,
				F96CE5BD2DD3FB50B8CDD740 /* Pods-Orphe-Hub-Swift.release.xcconfig */,
				86A16C2C08FFA8C1762DC546 /* Pods-Orphe-Hub-SwiftTests.debug.xcconfig */,
				55734E61B5F03A1141ECE3ED /* Pods-Orphe-Hub-SwiftTests.release.xcconfig */,
				98E9168548B33620B4C286EC /* Pods-Orphe-Hub-SwiftUITests.debug.xcconfig */,
				101FC98D10FB2EBC7A8AD8BA /* Pods-Orphe-Hub-SwiftUITests.release.xcconfig */,
			);
			name = Pods;
			sourceTree = "<group>";
		};
/* End PBXGroup section */

/* Begin PBXNativeTarget section */
		E6117CFF1E0A5A8200A2C89F /* Orphe-Hub-Swift */ = {
			isa = PBXNativeTarget;
			buildConfigurationList = E6117D251E0A5A8200A2C89F /* Build configuration list for PBXNativeTarget "Orphe-Hub-Swift" */;
			buildPhases = (
				57239120FBD1228198E4B4DE /* [CP] Check Pods Manifest.lock */,
				E6117CFC1E0A5A8200A2C89F /* Sources */,
				E6117CFD1E0A5A8200A2C89F /* Frameworks */,
				E6117CFE1E0A5A8200A2C89F /* Resources */,
				E61393001E8E521F002DD502 /* Embed Frameworks */,
				8AB9377101E264CBE9F5F1B9 /* [CP] Embed Pods Frameworks */,
				32F879624B9078C5939E8EC5 /* [CP] Copy Pods Resources */,
			);
			buildRules = (
			);
			dependencies = (
				E666C40D1EC33750005DFF17 /* PBXTargetDependency */,
			);
			name = "Orphe-Hub-Swift";
			productName = OrpheExample_macOS;
			productReference = E6117D001E0A5A8200A2C89F /* Orphe-Hub-Swift.app */;
			productType = "com.apple.product-type.application";
		};
		E6117D101E0A5A8200A2C89F /* Orphe-Hub-SwiftTests */ = {
			isa = PBXNativeTarget;
			buildConfigurationList = E6117D281E0A5A8200A2C89F /* Build configuration list for PBXNativeTarget "Orphe-Hub-SwiftTests" */;
			buildPhases = (
				58E3EF964903FCC24D6024C0 /* [CP] Check Pods Manifest.lock */,
				E6117D0D1E0A5A8200A2C89F /* Sources */,
				E6117D0E1E0A5A8200A2C89F /* Frameworks */,
				E6117D0F1E0A5A8200A2C89F /* Resources */,
				6F0E670B26148F1BA709CCF2 /* [CP] Embed Pods Frameworks */,
				D8967FA3FC385C70D3062335 /* [CP] Copy Pods Resources */,
			);
			buildRules = (
			);
			dependencies = (
				E6117D131E0A5A8200A2C89F /* PBXTargetDependency */,
			);
			name = "Orphe-Hub-SwiftTests";
			productName = OrpheExample_macOSTests;
			productReference = E6117D111E0A5A8200A2C89F /* Orphe-Hub-SwiftTests.xctest */;
			productType = "com.apple.product-type.bundle.unit-test";
		};
		E6117D1B1E0A5A8200A2C89F /* Orphe-Hub-SwiftUITests */ = {
			isa = PBXNativeTarget;
			buildConfigurationList = E6117D2B1E0A5A8200A2C89F /* Build configuration list for PBXNativeTarget "Orphe-Hub-SwiftUITests" */;
			buildPhases = (
				DEC8971B34659B9C7833EC02 /* [CP] Check Pods Manifest.lock */,
				E6117D181E0A5A8200A2C89F /* Sources */,
				E6117D191E0A5A8200A2C89F /* Frameworks */,
				E6117D1A1E0A5A8200A2C89F /* Resources */,
				8F0BF09CD3D00CD59F915850 /* [CP] Embed Pods Frameworks */,
				3BB52A3D043FD1BA6243696D /* [CP] Copy Pods Resources */,
			);
			buildRules = (
			);
			dependencies = (
				E6117D1E1E0A5A8200A2C89F /* PBXTargetDependency */,
			);
			name = "Orphe-Hub-SwiftUITests";
			productName = OrpheExample_macOSUITests;
			productReference = E6117D1C1E0A5A8200A2C89F /* Orphe-Hub-SwiftUITests.xctest */;
			productType = "com.apple.product-type.bundle.ui-testing";
		};
/* End PBXNativeTarget section */

/* Begin PBXProject section */
		E6117CF81E0A5A8200A2C89F /* Project object */ = {
			isa = PBXProject;
			attributes = {
				LastSwiftUpdateCheck = 0820;
				LastUpgradeCheck = 0820;
				ORGANIZATIONNAME = "no new folk studio Inc";
				TargetAttributes = {
					E6117CFF1E0A5A8200A2C89F = {
						CreatedOnToolsVersion = 8.2;
						DevelopmentTeam = 6L55687EJP;
						LastSwiftMigration = 0830;
						ProvisioningStyle = Automatic;
					};
					E6117D101E0A5A8200A2C89F = {
						CreatedOnToolsVersion = 8.2;
						DevelopmentTeam = 7P8C3UWHK5;
						ProvisioningStyle = Automatic;
						TestTargetID = E6117CFF1E0A5A8200A2C89F;
					};
					E6117D1B1E0A5A8200A2C89F = {
						CreatedOnToolsVersion = 8.2;
						DevelopmentTeam = 7P8C3UWHK5;
						ProvisioningStyle = Automatic;
						TestTargetID = E6117CFF1E0A5A8200A2C89F;
					};
				};
			};
			buildConfigurationList = E6117CFB1E0A5A8200A2C89F /* Build configuration list for PBXProject "Orphe-Hub-Swift" */;
			compatibilityVersion = "Xcode 3.2";
			developmentRegion = English;
			hasScannedForEncodings = 0;
			knownRegions = (
				en,
				Base,
			);
			mainGroup = E6117CF71E0A5A8200A2C89F;
			productRefGroup = E6117D011E0A5A8200A2C89F /* Products */;
			projectDirPath = "";
			projectReferences = (
				{
					ProductGroup = E666C4021EC33748005DFF17 /* Products */;
					ProjectRef = E666C4011EC33748005DFF17 /* Orphe.xcodeproj */;
				},
			);
			projectRoot = "";
			targets = (
				E6117CFF1E0A5A8200A2C89F /* Orphe-Hub-Swift */,
				E6117D101E0A5A8200A2C89F /* Orphe-Hub-SwiftTests */,
				E6117D1B1E0A5A8200A2C89F /* Orphe-Hub-SwiftUITests */,
			);
		};
/* End PBXProject section */

/* Begin PBXReferenceProxy section */
		E666C4071EC33748005DFF17 /* Orphe.framework */ = {
			isa = PBXReferenceProxy;
			fileType = wrapper.framework;
			path = Orphe.framework;
			remoteRef = E666C4061EC33748005DFF17 /* PBXContainerItemProxy */;
			sourceTree = BUILT_PRODUCTS_DIR;
		};
		E666C4091EC33748005DFF17 /* OrpheTests.xctest */ = {
			isa = PBXReferenceProxy;
			fileType = wrapper.cfbundle;
			path = OrpheTests.xctest;
			remoteRef = E666C4081EC33748005DFF17 /* PBXContainerItemProxy */;
			sourceTree = BUILT_PRODUCTS_DIR;
		};
/* End PBXReferenceProxy section */

/* Begin PBXResourcesBuildPhase section */
		E6117CFE1E0A5A8200A2C89F /* Resources */ = {
			isa = PBXResourcesBuildPhase;
			buildActionMask = 2147483647;
			files = (
				E64E85C51F02305700C9AD04 /* SensorSettingViewController.storyboard in Resources */,
				E64E85C01F02185300C9AD04 /* OSCSettingViewController.storyboard in Resources */,
				E613930B1E8E6A31002DD502 /* Assets.xcassets in Resources */,
				E64E85D21F02567400C9AD04 /* RecordPlaybackViewController.storyboard in Resources */,
				E64E85DB1F02BFDB00C9AD04 /* MapValueSettingView.xib in Resources */,
				E613930D1E8E6A31002DD502 /* Info.plist in Resources */,
				E66053D31EDFCFDB00EC8678 /* SensorVisualizerView.xib in Resources */,
				E61393121E8E6A6D002DD502 /* Main.storyboard in Resources */,
			);
			runOnlyForDeploymentPostprocessing = 0;
		};
		E6117D0F1E0A5A8200A2C89F /* Resources */ = {
			isa = PBXResourcesBuildPhase;
			buildActionMask = 2147483647;
			files = (
			);
			runOnlyForDeploymentPostprocessing = 0;
		};
		E6117D1A1E0A5A8200A2C89F /* Resources */ = {
			isa = PBXResourcesBuildPhase;
			buildActionMask = 2147483647;
			files = (
			);
			runOnlyForDeploymentPostprocessing = 0;
		};
/* End PBXResourcesBuildPhase section */

/* Begin PBXShellScriptBuildPhase section */
		32F879624B9078C5939E8EC5 /* [CP] Copy Pods Resources */ = {
			isa = PBXShellScriptBuildPhase;
			buildActionMask = 2147483647;
			files = (
			);
			inputPaths = (
			);
			name = "[CP] Copy Pods Resources";
			outputPaths = (
			);
			runOnlyForDeploymentPostprocessing = 0;
			shellPath = /bin/sh;
			shellScript = "\"${SRCROOT}/Pods/Target Support Files/Pods-Orphe-Hub-Swift/Pods-Orphe-Hub-Swift-resources.sh\"\n";
			showEnvVarsInLog = 0;
		};
		3BB52A3D043FD1BA6243696D /* [CP] Copy Pods Resources */ = {
			isa = PBXShellScriptBuildPhase;
			buildActionMask = 2147483647;
			files = (
			);
			inputPaths = (
			);
			name = "[CP] Copy Pods Resources";
			outputPaths = (
			);
			runOnlyForDeploymentPostprocessing = 0;
			shellPath = /bin/sh;
			shellScript = "\"${SRCROOT}/Pods/Target Support Files/Pods-Orphe-Hub-SwiftUITests/Pods-Orphe-Hub-SwiftUITests-resources.sh\"\n";
			showEnvVarsInLog = 0;
		};
		57239120FBD1228198E4B4DE /* [CP] Check Pods Manifest.lock */ = {
			isa = PBXShellScriptBuildPhase;
			buildActionMask = 2147483647;
			files = (
			);
			inputPaths = (
			);
			name = "[CP] Check Pods Manifest.lock";
			outputPaths = (
			);
			runOnlyForDeploymentPostprocessing = 0;
			shellPath = /bin/sh;
			shellScript = "diff \"${PODS_ROOT}/../Podfile.lock\" \"${PODS_ROOT}/Manifest.lock\" > /dev/null\nif [ $? != 0 ] ; then\n    # print error to STDERR\n    echo \"error: The sandbox is not in sync with the Podfile.lock. Run 'pod install' or update your CocoaPods installation.\" >&2\n    exit 1\nfi\n";
			showEnvVarsInLog = 0;
		};
		58E3EF964903FCC24D6024C0 /* [CP] Check Pods Manifest.lock */ = {
			isa = PBXShellScriptBuildPhase;
			buildActionMask = 2147483647;
			files = (
			);
			inputPaths = (
			);
			name = "[CP] Check Pods Manifest.lock";
			outputPaths = (
			);
			runOnlyForDeploymentPostprocessing = 0;
			shellPath = /bin/sh;
			shellScript = "diff \"${PODS_ROOT}/../Podfile.lock\" \"${PODS_ROOT}/Manifest.lock\" > /dev/null\nif [ $? != 0 ] ; then\n    # print error to STDERR\n    echo \"error: The sandbox is not in sync with the Podfile.lock. Run 'pod install' or update your CocoaPods installation.\" >&2\n    exit 1\nfi\n";
			showEnvVarsInLog = 0;
		};
		6F0E670B26148F1BA709CCF2 /* [CP] Embed Pods Frameworks */ = {
			isa = PBXShellScriptBuildPhase;
			buildActionMask = 2147483647;
			files = (
			);
			inputPaths = (
			);
			name = "[CP] Embed Pods Frameworks";
			outputPaths = (
			);
			runOnlyForDeploymentPostprocessing = 0;
			shellPath = /bin/sh;
			shellScript = "\"${SRCROOT}/Pods/Target Support Files/Pods-Orphe-Hub-SwiftTests/Pods-Orphe-Hub-SwiftTests-frameworks.sh\"\n";
			showEnvVarsInLog = 0;
		};
		8AB9377101E264CBE9F5F1B9 /* [CP] Embed Pods Frameworks */ = {
			isa = PBXShellScriptBuildPhase;
			buildActionMask = 2147483647;
			files = (
			);
			inputPaths = (
			);
			name = "[CP] Embed Pods Frameworks";
			outputPaths = (
			);
			runOnlyForDeploymentPostprocessing = 0;
			shellPath = /bin/sh;
			shellScript = "\"${SRCROOT}/Pods/Target Support Files/Pods-Orphe-Hub-Swift/Pods-Orphe-Hub-Swift-frameworks.sh\"\n";
			showEnvVarsInLog = 0;
		};
		8F0BF09CD3D00CD59F915850 /* [CP] Embed Pods Frameworks */ = {
			isa = PBXShellScriptBuildPhase;
			buildActionMask = 2147483647;
			files = (
			);
			inputPaths = (
			);
			name = "[CP] Embed Pods Frameworks";
			outputPaths = (
			);
			runOnlyForDeploymentPostprocessing = 0;
			shellPath = /bin/sh;
			shellScript = "\"${SRCROOT}/Pods/Target Support Files/Pods-Orphe-Hub-SwiftUITests/Pods-Orphe-Hub-SwiftUITests-frameworks.sh\"\n";
			showEnvVarsInLog = 0;
		};
		D8967FA3FC385C70D3062335 /* [CP] Copy Pods Resources */ = {
			isa = PBXShellScriptBuildPhase;
			buildActionMask = 2147483647;
			files = (
			);
			inputPaths = (
			);
			name = "[CP] Copy Pods Resources";
			outputPaths = (
			);
			runOnlyForDeploymentPostprocessing = 0;
			shellPath = /bin/sh;
			shellScript = "\"${SRCROOT}/Pods/Target Support Files/Pods-Orphe-Hub-SwiftTests/Pods-Orphe-Hub-SwiftTests-resources.sh\"\n";
			showEnvVarsInLog = 0;
		};
		DEC8971B34659B9C7833EC02 /* [CP] Check Pods Manifest.lock */ = {
			isa = PBXShellScriptBuildPhase;
			buildActionMask = 2147483647;
			files = (
			);
			inputPaths = (
			);
			name = "[CP] Check Pods Manifest.lock";
			outputPaths = (
			);
			runOnlyForDeploymentPostprocessing = 0;
			shellPath = /bin/sh;
			shellScript = "diff \"${PODS_ROOT}/../Podfile.lock\" \"${PODS_ROOT}/Manifest.lock\" > /dev/null\nif [ $? != 0 ] ; then\n    # print error to STDERR\n    echo \"error: The sandbox is not in sync with the Podfile.lock. Run 'pod install' or update your CocoaPods installation.\" >&2\n    exit 1\nfi\n";
			showEnvVarsInLog = 0;
		};
/* End PBXShellScriptBuildPhase section */

/* Begin PBXSourcesBuildPhase section */
		E6117CFC1E0A5A8200A2C89F /* Sources */ = {
			isa = PBXSourcesBuildPhase;
			buildActionMask = 2147483647;
			files = (
				1BF25CB71E9797FB00C1D576 /* LabelGraphView.swift in Sources */,
				E66053C41EDD737B00EC8678 /* RecordSensorValuesCSV.swift in Sources */,
				E613930E1E8E6A31002DD502 /* ViewController.swift in Sources */,
				E6401E871EA6317300DEBC32 /* OSCManager.swift in Sources */,
				1B3E39041E950921008DA5D1 /* DrawShape.swift in Sources */,
				E66053D11EDFCFCC00EC8678 /* SensorVisualizerView.swift in Sources */,
				E6401E881EA6317300DEBC32 /* ObjC_Exception.m in Sources */,
				E64E85A11EFAA95E00C9AD04 /* SensorValueCSVPlayer.swift in Sources */,
				E64E85DD1F02C02000C9AD04 /* MapValueSettingView.swift in Sources */,
				E64E85D51F02579D00C9AD04 /* RecordPlaybackViewController.swift in Sources */,
				E64E85C31F021DB800C9AD04 /* OSCSettingViewController.swift in Sources */,
				E64E85C71F0230E000C9AD04 /* SensorSettingViewController.swift in Sources */,
				E66053C61EDDCA1000EC8678 /* SensorFreqencyCalculator.swift in Sources */,
				E613930A1E8E6A31002DD502 /* AppDelegate.swift in Sources */,
				E64E85D81F02731F00C9AD04 /* WindowController.swift in Sources */,
				E666C4151EC5EFA3005DFF17 /* LineGraphView.swift in Sources */,
				E66053CC1EDF09A400EC8678 /* MultiLineGraphView.swift in Sources */,
			);
			runOnlyForDeploymentPostprocessing = 0;
		};
		E6117D0D1E0A5A8200A2C89F /* Sources */ = {
			isa = PBXSourcesBuildPhase;
			buildActionMask = 2147483647;
			files = (
			);
			runOnlyForDeploymentPostprocessing = 0;
		};
		E6117D181E0A5A8200A2C89F /* Sources */ = {
			isa = PBXSourcesBuildPhase;
			buildActionMask = 2147483647;
			files = (
			);
			runOnlyForDeploymentPostprocessing = 0;
		};
/* End PBXSourcesBuildPhase section */

/* Begin PBXTargetDependency section */
		E6117D131E0A5A8200A2C89F /* PBXTargetDependency */ = {
			isa = PBXTargetDependency;
			target = E6117CFF1E0A5A8200A2C89F /* Orphe-Hub-Swift */;
			targetProxy = E6117D121E0A5A8200A2C89F /* PBXContainerItemProxy */;
		};
		E6117D1E1E0A5A8200A2C89F /* PBXTargetDependency */ = {
			isa = PBXTargetDependency;
			target = E6117CFF1E0A5A8200A2C89F /* Orphe-Hub-Swift */;
			targetProxy = E6117D1D1E0A5A8200A2C89F /* PBXContainerItemProxy */;
		};
		E666C40D1EC33750005DFF17 /* PBXTargetDependency */ = {
			isa = PBXTargetDependency;
			name = Orphe;
			targetProxy = E666C40C1EC33750005DFF17 /* PBXContainerItemProxy */;
		};
/* End PBXTargetDependency section */

/* Begin XCBuildConfiguration section */
		E6117D231E0A5A8200A2C89F /* Debug */ = {
			isa = XCBuildConfiguration;
			buildSettings = {
				ALWAYS_SEARCH_USER_PATHS = NO;
				CLANG_ANALYZER_NONNULL = YES;
				CLANG_CXX_LANGUAGE_STANDARD = "gnu++0x";
				CLANG_CXX_LIBRARY = "libc++";
				CLANG_ENABLE_MODULES = YES;
				CLANG_ENABLE_OBJC_ARC = YES;
				CLANG_WARN_BOOL_CONVERSION = YES;
				CLANG_WARN_CONSTANT_CONVERSION = YES;
				CLANG_WARN_DIRECT_OBJC_ISA_USAGE = YES_ERROR;
				CLANG_WARN_DOCUMENTATION_COMMENTS = YES;
				CLANG_WARN_EMPTY_BODY = YES;
				CLANG_WARN_ENUM_CONVERSION = YES;
				CLANG_WARN_INFINITE_RECURSION = YES;
				CLANG_WARN_INT_CONVERSION = YES;
				CLANG_WARN_OBJC_ROOT_CLASS = YES_ERROR;
				CLANG_WARN_SUSPICIOUS_MOVE = YES;
				CLANG_WARN_UNREACHABLE_CODE = YES;
				CLANG_WARN__DUPLICATE_METHOD_MATCH = YES;
				CODE_SIGN_IDENTITY = "-";
				COPY_PHASE_STRIP = NO;
				DEBUG_INFORMATION_FORMAT = dwarf;
				ENABLE_STRICT_OBJC_MSGSEND = YES;
				ENABLE_TESTABILITY = YES;
				GCC_C_LANGUAGE_STANDARD = gnu99;
				GCC_DYNAMIC_NO_PIC = NO;
				GCC_NO_COMMON_BLOCKS = YES;
				GCC_OPTIMIZATION_LEVEL = 0;
				GCC_PREPROCESSOR_DEFINITIONS = (
					"DEBUG=1",
					"$(inherited)",
				);
				GCC_WARN_64_TO_32_BIT_CONVERSION = YES;
				GCC_WARN_ABOUT_RETURN_TYPE = YES_ERROR;
				GCC_WARN_UNDECLARED_SELECTOR = YES;
				GCC_WARN_UNINITIALIZED_AUTOS = YES_AGGRESSIVE;
				GCC_WARN_UNUSED_FUNCTION = YES;
				GCC_WARN_UNUSED_VARIABLE = YES;
				MACOSX_DEPLOYMENT_TARGET = 10.12;
				MTL_ENABLE_DEBUG_INFO = YES;
				ONLY_ACTIVE_ARCH = YES;
				SDKROOT = macosx10.12;
				SWIFT_ACTIVE_COMPILATION_CONDITIONS = DEBUG;
				SWIFT_OPTIMIZATION_LEVEL = "-Onone";
			};
			name = Debug;
		};
		E6117D241E0A5A8200A2C89F /* Release */ = {
			isa = XCBuildConfiguration;
			buildSettings = {
				ALWAYS_SEARCH_USER_PATHS = NO;
				CLANG_ANALYZER_NONNULL = YES;
				CLANG_CXX_LANGUAGE_STANDARD = "gnu++0x";
				CLANG_CXX_LIBRARY = "libc++";
				CLANG_ENABLE_MODULES = YES;
				CLANG_ENABLE_OBJC_ARC = YES;
				CLANG_WARN_BOOL_CONVERSION = YES;
				CLANG_WARN_CONSTANT_CONVERSION = YES;
				CLANG_WARN_DIRECT_OBJC_ISA_USAGE = YES_ERROR;
				CLANG_WARN_DOCUMENTATION_COMMENTS = YES;
				CLANG_WARN_EMPTY_BODY = YES;
				CLANG_WARN_ENUM_CONVERSION = YES;
				CLANG_WARN_INFINITE_RECURSION = YES;
				CLANG_WARN_INT_CONVERSION = YES;
				CLANG_WARN_OBJC_ROOT_CLASS = YES_ERROR;
				CLANG_WARN_SUSPICIOUS_MOVE = YES;
				CLANG_WARN_UNREACHABLE_CODE = YES;
				CLANG_WARN__DUPLICATE_METHOD_MATCH = YES;
				CODE_SIGN_IDENTITY = "-";
				COPY_PHASE_STRIP = NO;
				DEBUG_INFORMATION_FORMAT = "dwarf-with-dsym";
				ENABLE_NS_ASSERTIONS = NO;
				ENABLE_STRICT_OBJC_MSGSEND = YES;
				GCC_C_LANGUAGE_STANDARD = gnu99;
				GCC_NO_COMMON_BLOCKS = YES;
				GCC_WARN_64_TO_32_BIT_CONVERSION = YES;
				GCC_WARN_ABOUT_RETURN_TYPE = YES_ERROR;
				GCC_WARN_UNDECLARED_SELECTOR = YES;
				GCC_WARN_UNINITIALIZED_AUTOS = YES_AGGRESSIVE;
				GCC_WARN_UNUSED_FUNCTION = YES;
				GCC_WARN_UNUSED_VARIABLE = YES;
				MACOSX_DEPLOYMENT_TARGET = 10.12;
				MTL_ENABLE_DEBUG_INFO = NO;
				SDKROOT = macosx10.12;
				SWIFT_OPTIMIZATION_LEVEL = "-Owholemodule";
			};
			name = Release;
		};
		E6117D261E0A5A8200A2C89F /* Debug */ = {
			isa = XCBuildConfiguration;
			baseConfigurationReference = F20B72AB02DB0372E61B20AA /* Pods-Orphe-Hub-Swift.debug.xcconfig */;
			buildSettings = {
				ALWAYS_EMBED_SWIFT_STANDARD_LIBRARIES = YES;
				ASSETCATALOG_COMPILER_APPICON_NAME = AppIcon;
				CLANG_ENABLE_MODULES = YES;
				CODE_SIGN_IDENTITY = "Mac Developer";
				COMBINE_HIDPI_IMAGES = YES;
				DEVELOPMENT_TEAM = 6L55687EJP;
				FRAMEWORK_SEARCH_PATHS = (
					"$(inherited)",
					"$(PROJECT_DIR)",
				);
				INFOPLIST_FILE = "Orphe-Hub-Swift/Info.plist";
				LD_RUNPATH_SEARCH_PATHS = "$(inherited) @executable_path/../Frameworks";
				MACOSX_DEPLOYMENT_TARGET = 10.12;
				PRODUCT_BUNDLE_IDENTIFIER = "com.no-new-folk.Orphe-Hub-Swift";
				PRODUCT_NAME = "$(TARGET_NAME)";
				SDKROOT = macosx;
				SWIFT_OBJC_BRIDGING_HEADER = "$(PROJECT_DIR)/$(PROJECT_NAME)/$(PROJECT_NAME)-Bridging-Header.h";
				SWIFT_OPTIMIZATION_LEVEL = "-Onone";
				SWIFT_VERSION = 3.0;
			};
			name = Debug;
		};
		E6117D271E0A5A8200A2C89F /* Release */ = {
			isa = XCBuildConfiguration;
			baseConfigurationReference = F96CE5BD2DD3FB50B8CDD740 /* Pods-Orphe-Hub-Swift.release.xcconfig */;
			buildSettings = {
				ALWAYS_EMBED_SWIFT_STANDARD_LIBRARIES = YES;
				ASSETCATALOG_COMPILER_APPICON_NAME = AppIcon;
				CLANG_ENABLE_MODULES = YES;
				CODE_SIGN_IDENTITY = "Mac Developer";
				COMBINE_HIDPI_IMAGES = YES;
				DEVELOPMENT_TEAM = 6L55687EJP;
				FRAMEWORK_SEARCH_PATHS = (
					"$(inherited)",
					"$(PROJECT_DIR)",
				);
				INFOPLIST_FILE = "Orphe-Hub-Swift/Info.plist";
				LD_RUNPATH_SEARCH_PATHS = "$(inherited) @executable_path/../Frameworks";
				MACOSX_DEPLOYMENT_TARGET = 10.12;
				PRODUCT_BUNDLE_IDENTIFIER = "com.no-new-folk.Orphe-Hub-Swift";
				PRODUCT_NAME = "$(TARGET_NAME)";
				SDKROOT = macosx;
				SWIFT_OBJC_BRIDGING_HEADER = "$(PROJECT_DIR)/$(PROJECT_NAME)/$(PROJECT_NAME)-Bridging-Header.h";
				SWIFT_VERSION = 3.0;
			};
			name = Release;
		};
		E6117D291E0A5A8200A2C89F /* Debug */ = {
			isa = XCBuildConfiguration;
			baseConfigurationReference = 86A16C2C08FFA8C1762DC546 /* Pods-Orphe-Hub-SwiftTests.debug.xcconfig */;
			buildSettings = {
				ALWAYS_EMBED_SWIFT_STANDARD_LIBRARIES = YES;
				BUNDLE_LOADER = "$(TEST_HOST)";
				COMBINE_HIDPI_IMAGES = YES;
				DEVELOPMENT_TEAM = 7P8C3UWHK5;
				INFOPLIST_FILE = "Orphe-Hub-Swift/Info.plist";
				LD_RUNPATH_SEARCH_PATHS = "$(inherited) @executable_path/../Frameworks @loader_path/../Frameworks";
				PRODUCT_BUNDLE_IDENTIFIER = "com.nakanisynth.OrpheExample-macOSTests";
				PRODUCT_NAME = "$(TARGET_NAME)";
				SWIFT_VERSION = 3.0;
				TEST_HOST = "$(BUILT_PRODUCTS_DIR)/Orphe-Hub-Swift.app/Contents/MacOS/Orphe-Hub-Swift";
			};
			name = Debug;
		};
		E6117D2A1E0A5A8200A2C89F /* Release */ = {
			isa = XCBuildConfiguration;
			baseConfigurationReference = 55734E61B5F03A1141ECE3ED /* Pods-Orphe-Hub-SwiftTests.release.xcconfig */;
			buildSettings = {
				ALWAYS_EMBED_SWIFT_STANDARD_LIBRARIES = YES;
				BUNDLE_LOADER = "$(TEST_HOST)";
				COMBINE_HIDPI_IMAGES = YES;
				DEVELOPMENT_TEAM = 7P8C3UWHK5;
				INFOPLIST_FILE = "Orphe-Hub-Swift/Info.plist";
				LD_RUNPATH_SEARCH_PATHS = "$(inherited) @executable_path/../Frameworks @loader_path/../Frameworks";
				PRODUCT_BUNDLE_IDENTIFIER = "com.nakanisynth.OrpheExample-macOSTests";
				PRODUCT_NAME = "$(TARGET_NAME)";
				SWIFT_VERSION = 3.0;
				TEST_HOST = "$(BUILT_PRODUCTS_DIR)/Orphe-Hub-Swift.app/Contents/MacOS/Orphe-Hub-Swift";
			};
			name = Release;
		};
		E6117D2C1E0A5A8200A2C89F /* Debug */ = {
			isa = XCBuildConfiguration;
			baseConfigurationReference = 98E9168548B33620B4C286EC /* Pods-Orphe-Hub-SwiftUITests.debug.xcconfig */;
			buildSettings = {
				ALWAYS_EMBED_SWIFT_STANDARD_LIBRARIES = YES;
				COMBINE_HIDPI_IMAGES = YES;
				DEVELOPMENT_TEAM = 7P8C3UWHK5;
				INFOPLIST_FILE = "Orphe-Hub-Swift/Info.plist";
				LD_RUNPATH_SEARCH_PATHS = "$(inherited) @executable_path/../Frameworks @loader_path/../Frameworks";
				PRODUCT_BUNDLE_IDENTIFIER = "com.nakanisynth.OrpheExample-macOSUITests";
				PRODUCT_NAME = "$(TARGET_NAME)";
				SWIFT_VERSION = 3.0;
				TEST_TARGET_NAME = OrpheExample_macOS;
			};
			name = Debug;
		};
		E6117D2D1E0A5A8200A2C89F /* Release */ = {
			isa = XCBuildConfiguration;
			baseConfigurationReference = 101FC98D10FB2EBC7A8AD8BA /* Pods-Orphe-Hub-SwiftUITests.release.xcconfig */;
			buildSettings = {
				ALWAYS_EMBED_SWIFT_STANDARD_LIBRARIES = YES;
				COMBINE_HIDPI_IMAGES = YES;
				DEVELOPMENT_TEAM = 7P8C3UWHK5;
				INFOPLIST_FILE = "Orphe-Hub-Swift/Info.plist";
				LD_RUNPATH_SEARCH_PATHS = "$(inherited) @executable_path/../Frameworks @loader_path/../Frameworks";
				PRODUCT_BUNDLE_IDENTIFIER = "com.nakanisynth.OrpheExample-macOSUITests";
				PRODUCT_NAME = "$(TARGET_NAME)";
				SWIFT_VERSION = 3.0;
				TEST_TARGET_NAME = OrpheExample_macOS;
			};
			name = Release;
		};
/* End XCBuildConfiguration section */

/* Begin XCConfigurationList section */
		E6117CFB1E0A5A8200A2C89F /* Build configuration list for PBXProject "Orphe-Hub-Swift" */ = {
			isa = XCConfigurationList;
			buildConfigurations = (
				E6117D231E0A5A8200A2C89F /* Debug */,
				E6117D241E0A5A8200A2C89F /* Release */,
			);
			defaultConfigurationIsVisible = 0;
			defaultConfigurationName = Release;
		};
		E6117D251E0A5A8200A2C89F /* Build configuration list for PBXNativeTarget "Orphe-Hub-Swift" */ = {
			isa = XCConfigurationList;
			buildConfigurations = (
				E6117D261E0A5A8200A2C89F /* Debug */,
				E6117D271E0A5A8200A2C89F /* Release */,
			);
			defaultConfigurationIsVisible = 0;
			defaultConfigurationName = Release;
		};
		E6117D281E0A5A8200A2C89F /* Build configuration list for PBXNativeTarget "Orphe-Hub-SwiftTests" */ = {
			isa = XCConfigurationList;
			buildConfigurations = (
				E6117D291E0A5A8200A2C89F /* Debug */,
				E6117D2A1E0A5A8200A2C89F /* Release */,
			);
			defaultConfigurationIsVisible = 0;
			defaultConfigurationName = Release;
		};
		E6117D2B1E0A5A8200A2C89F /* Build configuration list for PBXNativeTarget "Orphe-Hub-SwiftUITests" */ = {
			isa = XCConfigurationList;
			buildConfigurations = (
				E6117D2C1E0A5A8200A2C89F /* Debug */,
				E6117D2D1E0A5A8200A2C89F /* Release */,
			);
			defaultConfigurationIsVisible = 0;
			defaultConfigurationName = Release;
		};
/* End XCConfigurationList section */
	};
	rootObject = E6117CF81E0A5A8200A2C89F /* Project object */;
}
