PODS:
  - CocoaAsyncSocket (7.6.1)
  - CSwiftV (0.0.7)
  - OSCKit (0.3.5):
    - CocoaAsyncSocket (~> 7.3)
  - Realm (2.8.3):
    - Realm/Headers (= 2.8.3)
  - Realm/Headers (2.8.3)
  - RealmSwift (2.8.3):
    - Realm (= 2.8.3)
  - RxCocoa (3.5.0):
    - RxSwift (~> 3.4)
  - RxSwift (3.5.0)

DEPENDENCIES:
  - CSwiftV
  - OSCKit
  - RealmSwift
  - RxCocoa
  - RxSwift

SPEC CHECKSUMS:
  CocoaAsyncSocket: 7eadd3f59e1a6c84e2aefc93e9ff7b55156fe174
  CSwiftV: 602a0cb1df5f758d6005eacb6472c9bc752a7e7c
  OSCKit: 4470dbd30bc792dcf66dc4e7b5d1ec7174add33c
  Realm: 3601ef091c8c499a31101d8563b991e75546cdce
  RealmSwift: 8183818515471b01a99abdd2970f8e4fd52b6f4a
  RxCocoa: a0a09f45d0e5b48ecb6a4a7b4b4c89c88d3f633f
  RxSwift: 18ee9d78b45edb3b0b7e79916b47a116e6dbc842

PODFILE CHECKSUM: fc9a8feddc59fb0103e1eca9c068c76dcc4ec053

COCOAPODS: 1.1.1
